
Microsoft Visual Studio Solution File, Format Version 12.00
# Visual Studio 15
VisualStudioVersion = 15.0.28307.168
MinimumVisualStudioVersion = 10.0.40219.1
Project("{FAE04EC0-301F-11D3-BF4B-00C04F79EFBC}") = "GiftIt.Android", "GiftIt\GiftIt.Android\GiftIt.Android.csproj", "{A362BF36-03A4-4377-BC2F-AE5C5B194B98}"
EndProject
Project("{FAE04EC0-301F-11D3-BF4B-00C04F79EFBC}") = "GiftIt.iOS", "GiftIt\GiftIt.iOS\GiftIt.iOS.csproj", "{45930B9D-CB74-4902-8DE4-B820B8577216}"
EndProject
Project("{FAE04EC0-301F-11D3-BF4B-00C04F79EFBC}") = "GiftIt", "GiftIt\GiftIt\GiftIt.csproj", "{BDAB4A39-8318-4BB3-B7E5-FE56D6B6C6DD}"
EndProject
Global
	GlobalSection(SolutionConfigurationPlatforms) = preSolution
		Ad-Hoc|Any CPU = Ad-Hoc|Any CPU
		Ad-Hoc|iPhone = Ad-Hoc|iPhone
		Ad-Hoc|iPhoneSimulator = Ad-Hoc|iPhoneSimulator
		AppStore|Any CPU = AppStore|Any CPU
		AppStore|iPhone = AppStore|iPhone
		AppStore|iPhoneSimulator = AppStore|iPhoneSimulator
		Debug|Any CPU = Debug|Any CPU
		Debug|iPhone = Debug|iPhone
		Debug|iPhoneSimulator = Debug|iPhoneSimulator
		Release|Any CPU = Release|Any CPU
		Release|iPhone = Release|iPhone
		Release|iPhoneSimulator = Release|iPhoneSimulator
	EndGlobalSection
	GlobalSection(ProjectConfigurationPlatforms) = postSolution
		{A362BF36-03A4-4377-BC2F-AE5C5B194B98}.Ad-Hoc|Any CPU.ActiveCfg = Release|Any CPU
		{A362BF36-03A4-4377-BC2F-AE5C5B194B98}.Ad-Hoc|Any CPU.Build.0 = Release|Any CPU
		{A362BF36-03A4-4377-BC2F-AE5C5B194B98}.Ad-Hoc|Any CPU.Deploy.0 = Release|Any CPU
		{A362BF36-03A4-4377-BC2F-AE5C5B194B98}.Ad-Hoc|iPhone.ActiveCfg = Release|Any CPU
		{A362BF36-03A4-4377-BC2F-AE5C5B194B98}.Ad-Hoc|iPhone.Build.0 = Release|Any CPU
		{A362BF36-03A4-4377-BC2F-AE5C5B194B98}.Ad-Hoc|iPhone.Deploy.0 = Release|Any CPU
		{A362BF36-03A4-4377-BC2F-AE5C5B194B98}.Ad-Hoc|iPhoneSimulator.ActiveCfg = Release|Any CPU
		{A362BF36-03A4-4377-BC2F-AE5C5B194B98}.Ad-Hoc|iPhoneSimulator.Build.0 = Release|Any CPU
		{A362BF36-03A4-4377-BC2F-AE5C5B194B98}.Ad-Hoc|iPhoneSimulator.Deploy.0 = Release|Any CPU
		{A362BF36-03A4-4377-BC2F-AE5C5B194B98}.AppStore|Any CPU.ActiveCfg = Release|Any CPU
		{A362BF36-03A4-4377-BC2F-AE5C5B194B98}.AppStore|Any CPU.Build.0 = Release|Any CPU
		{A362BF36-03A4-4377-BC2F-AE5C5B194B98}.AppStore|Any CPU.Deploy.0 = Release|Any CPU
		{A362BF36-03A4-4377-BC2F-AE5C5B194B98}.AppStore|iPhone.ActiveCfg = Release|Any CPU
		{A362BF36-03A4-4377-BC2F-AE5C5B194B98}.AppStore|iPhone.Build.0 = Release|Any CPU
		{A362BF36-03A4-4377-BC2F-AE5C5B194B98}.AppStore|iPhone.Deploy.0 = Release|Any CPU
		{A362BF36-03A4-4377-BC2F-AE5C5B194B98}.AppStore|iPhoneSimulator.ActiveCfg = Release|Any CPU
		{A362BF36-03A4-4377-BC2F-AE5C5B194B98}.AppStore|iPhoneSimulator.Build.0 = Release|Any CPU
		{A362BF36-03A4-4377-BC2F-AE5C5B194B98}.AppStore|iPhoneSimulator.Deploy.0 = Release|Any CPU
		{A362BF36-03A4-4377-BC2F-AE5C5B194B98}.Debug|Any CPU.ActiveCfg = Debug|Any CPU
		{A362BF36-03A4-4377-BC2F-AE5C5B194B98}.Debug|Any CPU.Build.0 = Debug|Any CPU
		{A362BF36-03A4-4377-BC2F-AE5C5B194B98}.Debug|Any CPU.Deploy.0 = Debug|Any CPU
		{A362BF36-03A4-4377-BC2F-AE5C5B194B98}.Debug|iPhone.ActiveCfg = Debug|Any CPU
		{A362BF36-03A4-4377-BC2F-AE5C5B194B98}.Debug|iPhone.Build.0 = Debug|Any CPU
		{A362BF36-03A4-4377-BC2F-AE5C5B194B98}.Debug|iPhone.Deploy.0 = Debug|Any CPU
		{A362BF36-03A4-4377-BC2F-AE5C5B194B98}.Debug|iPhoneSimulator.ActiveCfg = Debug|Any CPU
		{A362BF36-03A4-4377-BC2F-AE5C5B194B98}.Debug|iPhoneSimulator.Build.0 = Debug|Any CPU
		{A362BF36-03A4-4377-BC2F-AE5C5B194B98}.Debug|iPhoneSimulator.Deploy.0 = Debug|Any CPU
		{A362BF36-03A4-4377-BC2F-AE5C5B194B98}.Release|Any CPU.ActiveCfg = Release|Any CPU
		{A362BF36-03A4-4377-BC2F-AE5C5B194B98}.Release|Any CPU.Build.0 = Release|Any CPU
		{A362BF36-03A4-4377-BC2F-AE5C5B194B98}.Release|Any CPU.Deploy.0 = Release|Any CPU
		{A362BF36-03A4-4377-BC2F-AE5C5B194B98}.Release|iPhone.ActiveCfg = Release|Any CPU
		{A362BF36-03A4-4377-BC2F-AE5C5B194B98}.Release|iPhone.Build.0 = Release|Any CPU
		{A362BF36-03A4-4377-BC2F-AE5C5B194B98}.Release|iPhone.Deploy.0 = Release|Any CPU
		{A362BF36-03A4-4377-BC2F-AE5C5B194B98}.Release|iPhoneSimulator.ActiveCfg = Release|Any CPU
		{A362BF36-03A4-4377-BC2F-AE5C5B194B98}.Release|iPhoneSimulator.Build.0 = Release|Any CPU
		{A362BF36-03A4-4377-BC2F-AE5C5B194B98}.Release|iPhoneSimulator.Deploy.0 = Release|Any CPU
		{45930B9D-CB74-4902-8DE4-B820B8577216}.Ad-Hoc|Any CPU.ActiveCfg = Ad-Hoc|iPhone
		{45930B9D-CB74-4902-8DE4-B820B8577216}.Ad-Hoc|Any CPU.Build.0 = Ad-Hoc|iPhone
		{45930B9D-CB74-4902-8DE4-B820B8577216}.Ad-Hoc|Any CPU.Deploy.0 = Ad-Hoc|iPhone
		{45930B9D-CB74-4902-8DE4-B820B8577216}.Ad-Hoc|iPhone.ActiveCfg = Ad-Hoc|iPhone
		{45930B9D-CB74-4902-8DE4-B820B8577216}.Ad-Hoc|iPhone.Build.0 = Ad-Hoc|iPhone
		{45930B9D-CB74-4902-8DE4-B820B8577216}.Ad-Hoc|iPhone.Deploy.0 = Ad-Hoc|iPhone
		{45930B9D-CB74-4902-8DE4-B820B8577216}.Ad-Hoc|iPhoneSimulator.ActiveCfg = Ad-Hoc|iPhoneSimulator
		{45930B9D-CB74-4902-8DE4-B820B8577216}.Ad-Hoc|iPhoneSimulator.Build.0 = Ad-Hoc|iPhoneSimulator
		{45930B9D-CB74-4902-8DE4-B820B8577216}.Ad-Hoc|iPhoneSimulator.Deploy.0 = Ad-Hoc|iPhoneSimulator
		{45930B9D-CB74-4902-8DE4-B820B8577216}.AppStore|Any CPU.ActiveCfg = AppStore|iPhone
		{45930B9D-CB74-4902-8DE4-B820B8577216}.AppStore|Any CPU.Build.0 = AppStore|iPhone
		{45930B9D-CB74-4902-8DE4-B820B8577216}.AppStore|Any CPU.Deploy.0 = AppStore|iPhone
		{45930B9D-CB74-4902-8DE4-B820B8577216}.AppStore|iPhone.ActiveCfg = AppStore|iPhone
		{45930B9D-CB74-4902-8DE4-B820B8577216}.AppStore|iPhone.Build.0 = AppStore|iPhone
		{45930B9D-CB74-4902-8DE4-B820B8577216}.AppStore|iPhone.Deploy.0 = AppStore|iPhone
		{45930B9D-CB74-4902-8DE4-B820B8577216}.AppStore|iPhoneSimulator.ActiveCfg = AppStore|iPhoneSimulator
		{45930B9D-CB74-4902-8DE4-B820B8577216}.AppStore|iPhoneSimulator.Build.0 = AppStore|iPhoneSimulator
		{45930B9D-CB74-4902-8DE4-B820B8577216}.AppStore|iPhoneSimulator.Deploy.0 = AppStore|iPhoneSimulator
		{45930B9D-CB74-4902-8DE4-B820B8577216}.Debug|Any CPU.ActiveCfg = Debug|iPhoneSimulator
		{45930B9D-CB74-4902-8DE4-B820B8577216}.Debug|Any CPU.Build.0 = Debug|iPhoneSimulator
		{45930B9D-CB74-4902-8DE4-B820B8577216}.Debug|Any CPU.Deploy.0 = Debug|iPhoneSimulator
		{45930B9D-CB74-4902-8DE4-B820B8577216}.Debug|iPhone.ActiveCfg = Debug|iPhone
		{45930B9D-CB74-4902-8DE4-B820B8577216}.Debug|iPhone.Build.0 = Debug|iPhone
		{45930B9D-CB74-4902-8DE4-B820B8577216}.Debug|iPhone.Deploy.0 = Debug|iPhone
		{45930B9D-CB74-4902-8DE4-B820B8577216}.Debug|iPhoneSimulator.ActiveCfg = Debug|iPhoneSimulator
		{45930B9D-CB74-4902-8DE4-B820B8577216}.Debug|iPhoneSimulator.Build.0 = Debug|iPhoneSimulator
		{45930B9D-CB74-4902-8DE4-B820B8577216}.Debug|iPhoneSimulator.Deploy.0 = Debug|iPhoneSimulator
		{45930B9D-CB74-4902-8DE4-B820B8577216}.Release|Any CPU.ActiveCfg = Release|iPhone
		{45930B9D-CB74-4902-8DE4-B820B8577216}.Release|Any CPU.Build.0 = Release|iPhone
		{45930B9D-CB74-4902-8DE4-B820B8577216}.Release|Any CPU.Deploy.0 = Release|iPhone
		{45930B9D-CB74-4902-8DE4-B820B8577216}.Release|iPhone.ActiveCfg = Release|iPhone
		{45930B9D-CB74-4902-8DE4-B820B8577216}.Release|iPhone.Build.0 = Release|iPhone
		{45930B9D-CB74-4902-8DE4-B820B8577216}.Release|iPhone.Deploy.0 = Release|iPhone
		{45930B9D-CB74-4902-8DE4-B820B8577216}.Release|iPhoneSimulator.ActiveCfg = Release|iPhoneSimulator
		{45930B9D-CB74-4902-8DE4-B820B8577216}.Release|iPhoneSimulator.Build.0 = Release|iPhoneSimulator
		{45930B9D-CB74-4902-8DE4-B820B8577216}.Release|iPhoneSimulator.Deploy.0 = Release|iPhoneSimulator
		{BDAB4A39-8318-4BB3-B7E5-FE56D6B6C6DD}.Ad-Hoc|Any CPU.ActiveCfg = Debug|Any CPU
		{BDAB4A39-8318-4BB3-B7E5-FE56D6B6C6DD}.Ad-Hoc|Any CPU.Build.0 = Debug|Any CPU
		{BDAB4A39-8318-4BB3-B7E5-FE56D6B6C6DD}.Ad-Hoc|Any CPU.Deploy.0 = Debug|Any CPU
		{BDAB4A39-8318-4BB3-B7E5-FE56D6B6C6DD}.Ad-Hoc|iPhone.ActiveCfg = Debug|Any CPU
		{BDAB4A39-8318-4BB3-B7E5-FE56D6B6C6DD}.Ad-Hoc|iPhone.Build.0 = Debug|Any CPU
		{BDAB4A39-8318-4BB3-B7E5-FE56D6B6C6DD}.Ad-Hoc|iPhone.Deploy.0 = Debug|Any CPU
		{BDAB4A39-8318-4BB3-B7E5-FE56D6B6C6DD}.Ad-Hoc|iPhoneSimulator.ActiveCfg = Debug|Any CPU
		{BDAB4A39-8318-4BB3-B7E5-FE56D6B6C6DD}.Ad-Hoc|iPhoneSimulator.Build.0 = Debug|Any CPU
		{BDAB4A39-8318-4BB3-B7E5-FE56D6B6C6DD}.Ad-Hoc|iPhoneSimulator.Deploy.0 = Debug|Any CPU
		{BDAB4A39-8318-4BB3-B7E5-FE56D6B6C6DD}.AppStore|Any CPU.ActiveCfg = Debug|Any CPU
		{BDAB4A39-8318-4BB3-B7E5-FE56D6B6C6DD}.AppStore|Any CPU.Build.0 = Debug|Any CPU
		{BDAB4A39-8318-4BB3-B7E5-FE56D6B6C6DD}.AppStore|Any CPU.Deploy.0 = Debug|Any CPU
		{BDAB4A39-8318-4BB3-B7E5-FE56D6B6C6DD}.AppStore|iPhone.ActiveCfg = Debug|Any CPU
		{BDAB4A39-8318-4BB3-B7E5-FE56D6B6C6DD}.AppStore|iPhone.Build.0 = Debug|Any CPU
		{BDAB4A39-8318-4BB3-B7E5-FE56D6B6C6DD}.AppStore|iPhone.Deploy.0 = Debug|Any CPU
		{BDAB4A39-8318-4BB3-B7E5-FE56D6B6C6DD}.AppStore|iPhoneSimulator.ActiveCfg = Debug|Any CPU
		{BDAB4A39-8318-4BB3-B7E5-FE56D6B6C6DD}.AppStore|iPhoneSimulator.Build.0 = Debug|Any CPU
		{BDAB4A39-8318-4BB3-B7E5-FE56D6B6C6DD}.AppStore|iPhoneSimulator.Deploy.0 = Debug|Any CPU
		{BDAB4A39-8318-4BB3-B7E5-FE56D6B6C6DD}.Debug|Any CPU.ActiveCfg = Debug|Any CPU
		{BDAB4A39-8318-4BB3-B7E5-FE56D6B6C6DD}.Debug|Any CPU.Build.0 = Debug|Any CPU
		{BDAB4A39-8318-4BB3-B7E5-FE56D6B6C6DD}.Debug|Any CPU.Deploy.0 = Debug|Any CPU
		{BDAB4A39-8318-4BB3-B7E5-FE56D6B6C6DD}.Debug|iPhone.ActiveCfg = Debug|Any CPU
		{BDAB4A39-8318-4BB3-B7E5-FE56D6B6C6DD}.Debug|iPhone.Build.0 = Debug|Any CPU
		{BDAB4A39-8318-4BB3-B7E5-FE56D6B6C6DD}.Debug|iPhone.Deploy.0 = Debug|Any CPU
		{BDAB4A39-8318-4BB3-B7E5-FE56D6B6C6DD}.Debug|iPhoneSimulator.ActiveCfg = Debug|Any CPU
		{BDAB4A39-8318-4BB3-B7E5-FE56D6B6C6DD}.Debug|iPhoneSimulator.Build.0 = Debug|Any CPU
		{BDAB4A39-8318-4BB3-B7E5-FE56D6B6C6DD}.Debug|iPhoneSimulator.Deploy.0 = Debug|Any CPU
		{BDAB4A39-8318-4BB3-B7E5-FE56D6B6C6DD}.Release|Any CPU.ActiveCfg = Release|Any CPU
		{BDAB4A39-8318-4BB3-B7E5-FE56D6B6C6DD}.Release|Any CPU.Build.0 = Release|Any CPU
		{BDAB4A39-8318-4BB3-B7E5-FE56D6B6C6DD}.Release|Any CPU.Deploy.0 = Release|Any CPU
		{BDAB4A39-8318-4BB3-B7E5-FE56D6B6C6DD}.Release|iPhone.ActiveCfg = Release|Any CPU
		{BDAB4A39-8318-4BB3-B7E5-FE56D6B6C6DD}.Release|iPhone.Build.0 = Release|Any CPU
		{BDAB4A39-8318-4BB3-B7E5-FE56D6B6C6DD}.Release|iPhone.Deploy.0 = Release|Any CPU
		{BDAB4A39-8318-4BB3-B7E5-FE56D6B6C6DD}.Release|iPhoneSimulator.ActiveCfg = Release|Any CPU
		{BDAB4A39-8318-4BB3-B7E5-FE56D6B6C6DD}.Release|iPhoneSimulator.Build.0 = Release|Any CPU
		{BDAB4A39-8318-4BB3-B7E5-FE56D6B6C6DD}.Release|iPhoneSimulator.Deploy.0 = Release|Any CPU
	EndGlobalSection
	GlobalSection(SolutionProperties) = preSolution
		HideSolutionNode = FALSE
	EndGlobalSection
	GlobalSection(ExtensibilityGlobals) = postSolution
		SolutionGuid = {50C9327E-060B-4DFE-9243-4A9D9A7A764C}
	EndGlobalSection
EndGlobal
